
Microsoft Visual Studio Solution File, Format Version 12.00
# Visual Studio Version 17
VisualStudioVersion = 17.9.34902.65
MinimumVisualStudioVersion = 10.0.40219.1
Project("{9A19103F-16F7-4668-BE54-9A1E7A4F7556}") = "DariuszLabaj.MaterialIo461", "DariuszLabaj.MaterialIo461.csproj", "{04D250C6-4B74-4AA4-B342-459C132ACF17}"
EndProject
Project("{FAE04EC0-301F-11D3-BF4B-00C04F79EFBC}") = "TestMaterialIo48", "..\TestMaterialIo48\TestMaterialIo48.csproj", "{0A7A4825-10E8-45CE-A444-BA682DB0EB78}"
EndProject
Global
	GlobalSection(SolutionConfigurationPlatforms) = preSolution
		Debug|Any CPU = Debug|Any CPU
		Release|Any CPU = Release|Any CPU
	EndGlobalSection
	GlobalSection(ProjectConfigurationPlatforms) = postSolution
		{04D250C6-4B74-4AA4-B342-459C132ACF17}.Debug|Any CPU.ActiveCfg = Debug|Any CPU
		{04D250C6-4B74-4AA4-B342-459C132ACF17}.Debug|Any CPU.Build.0 = Debug|Any CPU
		{04D250C6-4B74-4AA4-B342-459C132ACF17}.Release|Any CPU.ActiveCfg = Release|Any CPU
		{04D250C6-4B74-4AA4-B342-459C132ACF17}.Release|Any CPU.Build.0 = Release|Any CPU
		{0A7A4825-10E8-45CE-A444-BA682DB0EB78}.Debug|Any CPU.ActiveCfg = Debug|Any CPU
		{0A7A4825-10E8-45CE-A444-BA682DB0EB78}.Debug|Any CPU.Build.0 = Debug|Any CPU
		{0A7A4825-10E8-45CE-A444-BA682DB0EB78}.Release|Any CPU.ActiveCfg = Release|Any CPU
		{0A7A4825-10E8-45CE-A444-BA682DB0EB78}.Release|Any CPU.Build.0 = Release|Any CPU
	EndGlobalSection
	GlobalSection(SolutionProperties) = preSolution
		HideSolutionNode = FALSE
	EndGlobalSection
	GlobalSection(ExtensibilityGlobals) = postSolution
		SolutionGuid = {BAB98B0C-1434-4C89-BF1A-F4B75310F675}
	EndGlobalSection
EndGlobal
